
Microsoft Visual Studio Solution File, Format Version 12.00
# Visual Studio Version 16
VisualStudioVersion = 16.0.30517.126
MinimumVisualStudioVersion = 10.0.40219.1
Project("{FAE04EC0-301F-11D3-BF4B-00C04F79EFBC}") = "Quizes", "Quizes\Quizes.csproj", "{DC4BC5A2-25F3-4C40-BDC0-E77F4AFA7AF3}"
EndProject
Global
	GlobalSection(SolutionConfigurationPlatforms) = preSolution
		Debug|Any CPU = Debug|Any CPU
		Release|Any CPU = Release|Any CPU
	EndGlobalSection
	GlobalSection(ProjectConfigurationPlatforms) = postSolution
		{DC4BC5A2-25F3-4C40-BDC0-E77F4AFA7AF3}.Debug|Any CPU.ActiveCfg = Debug|Any CPU
		{DC4BC5A2-25F3-4C40-BDC0-E77F4AFA7AF3}.Debug|Any CPU.Build.0 = Debug|Any CPU
		{DC4BC5A2-25F3-4C40-BDC0-E77F4AFA7AF3}.Release|Any CPU.ActiveCfg = Release|Any CPU
		{DC4BC5A2-25F3-4C40-BDC0-E77F4AFA7AF3}.Release|Any CPU.Build.0 = Release|Any CPU
	EndGlobalSection
	GlobalSection(SolutionProperties) = preSolution
		HideSolutionNode = FALSE
	EndGlobalSection
	GlobalSection(ExtensibilityGlobals) = postSolution
		SolutionGuid = {07D11E60-D9E2-4F55-9F47-A47053CAF8B8}
	EndGlobalSection
EndGlobal
